
Microsoft Visual Studio Solution File, Format Version 12.00
# Visual Studio Version 16
VisualStudioVersion = 16.0.30711.63
MinimumVisualStudioVersion = 10.0.40219.1
Project("{2150E333-8FDC-42A3-9474-1A3956D46DE8}") = "Solution Items", "Solution Items", "{76096E2B-03AF-4014-8449-C8097724AFF1}"
	ProjectSection(SolutionItems) = preProject
		global.json = global.json
	EndProjectSection
EndProject
Project("{FAE04EC0-301F-11D3-BF4B-00C04F79EFBC}") = "MinhaLoja.App", "src\MinhaLoja.App\MinhaLoja.App.csproj", "{0998EAB5-83AF-42D9-A77A-9C589E88E359}"
EndProject
Project("{FAE04EC0-301F-11D3-BF4B-00C04F79EFBC}") = "MinhaLoja.Business", "src\MinhaLoja.Business\MinhaLoja.Business.csproj", "{349B9B08-431B-45B6-9F5A-32D2164A1FB7}"
EndProject
Project("{FAE04EC0-301F-11D3-BF4B-00C04F79EFBC}") = "MinhaLoja.Data", "src\MinhaLoja.Data\MinhaLoja.Data.csproj", "{A7A9BCD2-7A32-45C3-BD15-3D29CEB430CF}"
EndProject
Global
	GlobalSection(SolutionConfigurationPlatforms) = preSolution
		Debug|Any CPU = Debug|Any CPU
		Release|Any CPU = Release|Any CPU
	EndGlobalSection
	GlobalSection(ProjectConfigurationPlatforms) = postSolution
		{0998EAB5-83AF-42D9-A77A-9C589E88E359}.Debug|Any CPU.ActiveCfg = Debug|Any CPU
		{0998EAB5-83AF-42D9-A77A-9C589E88E359}.Debug|Any CPU.Build.0 = Debug|Any CPU
		{0998EAB5-83AF-42D9-A77A-9C589E88E359}.Release|Any CPU.ActiveCfg = Release|Any CPU
		{0998EAB5-83AF-42D9-A77A-9C589E88E359}.Release|Any CPU.Build.0 = Release|Any CPU
		{349B9B08-431B-45B6-9F5A-32D2164A1FB7}.Debug|Any CPU.ActiveCfg = Debug|Any CPU
		{349B9B08-431B-45B6-9F5A-32D2164A1FB7}.Debug|Any CPU.Build.0 = Debug|Any CPU
		{349B9B08-431B-45B6-9F5A-32D2164A1FB7}.Release|Any CPU.ActiveCfg = Release|Any CPU
		{349B9B08-431B-45B6-9F5A-32D2164A1FB7}.Release|Any CPU.Build.0 = Release|Any CPU
		{A7A9BCD2-7A32-45C3-BD15-3D29CEB430CF}.Debug|Any CPU.ActiveCfg = Debug|Any CPU
		{A7A9BCD2-7A32-45C3-BD15-3D29CEB430CF}.Debug|Any CPU.Build.0 = Debug|Any CPU
		{A7A9BCD2-7A32-45C3-BD15-3D29CEB430CF}.Release|Any CPU.ActiveCfg = Release|Any CPU
		{A7A9BCD2-7A32-45C3-BD15-3D29CEB430CF}.Release|Any CPU.Build.0 = Release|Any CPU
	EndGlobalSection
	GlobalSection(SolutionProperties) = preSolution
		HideSolutionNode = FALSE
	EndGlobalSection
	GlobalSection(ExtensibilityGlobals) = postSolution
		SolutionGuid = {ABD48EBB-9D56-4DDE-9144-04CCE772AFCB}
	EndGlobalSection
EndGlobal
